
Microsoft Visual Studio Solution File, Format Version 12.00
# Visual Studio Version 17
VisualStudioVersion = 17.0.31903.59
MinimumVisualStudioVersion = 10.0.40219.1
Project("{2150E333-8FDC-42A3-9474-1A3956D46DE8}") = "src", "src", "{827E0CD3-B72D-47B6-A68D-7590B98EB39B}"
EndProject
Project("{FAE04EC0-301F-11D3-BF4B-00C04F79EFBC}") = "HelloBuddy.Admin.Core", "src\HelloBuddy.Admin.Core\HelloBuddy.Admin.Core.csproj", "{F587F51F-8794-46F0-8AE4-C4D836C3741E}"
EndProject
Project("{FAE04EC0-301F-11D3-BF4B-00C04F79EFBC}") = "HelloBuddy.Admin.Pdf", "src\HelloBuddy.Admin.Pdf\HelloBuddy.Admin.Pdf.csproj", "{5C51D11D-0A07-4544-97F9-6453AE837B46}"
EndProject
Project("{FAE04EC0-301F-11D3-BF4B-00C04F79EFBC}") = "HelloBuddy.Contracts", "src\HelloBuddy.Contracts\HelloBuddy.Contracts.csproj", "{21B6BA71-54C3-4E2F-AAB2-654BFA254C56}"
EndProject
Project("{FAE04EC0-301F-11D3-BF4B-00C04F79EFBC}") = "HelloBuddy.Api", "src\HelloBuddy.Api\HelloBuddy.Api.csproj", "{DB3E295B-3440-4E83-8F97-12D4CD892D38}"
EndProject
Project("{FAE04EC0-301F-11D3-BF4B-00C04F79EFBC}") = "HelloBuddy.PdfService", "src\HelloBuddy.PdfService\HelloBuddy.PdfService.csproj", "{6E62771E-5176-4FA3-A5E0-B019E91854CC}"
EndProject
Project("{FAE04EC0-301F-11D3-BF4B-00C04F79EFBC}") = "HelloBuddy.Ui", "src\HelloBuddy.Ui\HelloBuddy.Ui.csproj", "{1A131BDC-81B9-4429-8CD8-4BF0C7C66851}"
EndProject
Project("{2150E333-8FDC-42A3-9474-1A3956D46DE8}") = "tests", "tests", "{0AB3BF05-4346-4AA6-1389-037BE0695223}"
EndProject
Project("{FAE04EC0-301F-11D3-BF4B-00C04F79EFBC}") = "HelloBuddy.Ui.Tests", "tests\HelloBuddy.Ui.Tests\HelloBuddy.Ui.Tests.csproj", "{F11EC499-C038-45C9-AB59-FF289B1D02DD}"
EndProject
Project("{FAE04EC0-301F-11D3-BF4B-00C04F79EFBC}") = "HelloBuddy.Application", "src\HelloBuddy.Application\HelloBuddy.Application.csproj", "{290A8798-4E3C-48D8-8E96-A3B26A969EBF}"
EndProject
Project("{FAE04EC0-301F-11D3-BF4B-00C04F79EFBC}") = "HelloBuddy.Infrastructure", "src\HelloBuddy.Infrastructure\HelloBuddy.Infrastructure.csproj", "{48F66353-8BC7-4ECE-B9CE-B6875E24F98B}"
EndProject
Project("{FAE04EC0-301F-11D3-BF4B-00C04F79EFBC}") = "HelloBuddy.Api.IntegrationTests", "tests\HelloBuddy.Api.IntegrationTests\HelloBuddy.Api.IntegrationTests.csproj", "{337C44DB-9EB0-4D47-83FF-1D9330D5362E}"
EndProject
Project("{FAE04EC0-301F-11D3-BF4B-00C04F79EFBC}") = "HelloBuddy.Api.InMemoryTests", "tests\HelloBuddy.Api.InMemoryTests\HelloBuddy.Api.InMemoryTests.csproj", "{CB893E09-4CDB-4F77-96D2-1D272EE25889}"
EndProject
Global
	GlobalSection(SolutionConfigurationPlatforms) = preSolution
		Debug|Any CPU = Debug|Any CPU
		Debug|x64 = Debug|x64
		Debug|x86 = Debug|x86
		Release|Any CPU = Release|Any CPU
		Release|x64 = Release|x64
		Release|x86 = Release|x86
	EndGlobalSection
	GlobalSection(ProjectConfigurationPlatforms) = postSolution
		{F587F51F-8794-46F0-8AE4-C4D836C3741E}.Debug|Any CPU.ActiveCfg = Debug|Any CPU
		{F587F51F-8794-46F0-8AE4-C4D836C3741E}.Debug|Any CPU.Build.0 = Debug|Any CPU
		{F587F51F-8794-46F0-8AE4-C4D836C3741E}.Debug|x64.ActiveCfg = Debug|Any CPU
		{F587F51F-8794-46F0-8AE4-C4D836C3741E}.Debug|x64.Build.0 = Debug|Any CPU
		{F587F51F-8794-46F0-8AE4-C4D836C3741E}.Debug|x86.ActiveCfg = Debug|Any CPU
		{F587F51F-8794-46F0-8AE4-C4D836C3741E}.Debug|x86.Build.0 = Debug|Any CPU
		{F587F51F-8794-46F0-8AE4-C4D836C3741E}.Release|Any CPU.ActiveCfg = Release|Any CPU
		{F587F51F-8794-46F0-8AE4-C4D836C3741E}.Release|Any CPU.Build.0 = Release|Any CPU
		{F587F51F-8794-46F0-8AE4-C4D836C3741E}.Release|x64.ActiveCfg = Release|Any CPU
		{F587F51F-8794-46F0-8AE4-C4D836C3741E}.Release|x64.Build.0 = Release|Any CPU
		{F587F51F-8794-46F0-8AE4-C4D836C3741E}.Release|x86.ActiveCfg = Release|Any CPU
		{F587F51F-8794-46F0-8AE4-C4D836C3741E}.Release|x86.Build.0 = Release|Any CPU
		{5C51D11D-0A07-4544-97F9-6453AE837B46}.Debug|Any CPU.ActiveCfg = Debug|Any CPU
		{5C51D11D-0A07-4544-97F9-6453AE837B46}.Debug|Any CPU.Build.0 = Debug|Any CPU
		{5C51D11D-0A07-4544-97F9-6453AE837B46}.Debug|x64.ActiveCfg = Debug|Any CPU
		{5C51D11D-0A07-4544-97F9-6453AE837B46}.Debug|x64.Build.0 = Debug|Any CPU
		{5C51D11D-0A07-4544-97F9-6453AE837B46}.Debug|x86.ActiveCfg = Debug|Any CPU
		{5C51D11D-0A07-4544-97F9-6453AE837B46}.Debug|x86.Build.0 = Debug|Any CPU
		{5C51D11D-0A07-4544-97F9-6453AE837B46}.Release|Any CPU.ActiveCfg = Release|Any CPU
		{5C51D11D-0A07-4544-97F9-6453AE837B46}.Release|Any CPU.Build.0 = Release|Any CPU
		{5C51D11D-0A07-4544-97F9-6453AE837B46}.Release|x64.ActiveCfg = Release|Any CPU
		{5C51D11D-0A07-4544-97F9-6453AE837B46}.Release|x64.Build.0 = Release|Any CPU
		{5C51D11D-0A07-4544-97F9-6453AE837B46}.Release|x86.ActiveCfg = Release|Any CPU
		{5C51D11D-0A07-4544-97F9-6453AE837B46}.Release|x86.Build.0 = Release|Any CPU
		{21B6BA71-54C3-4E2F-AAB2-654BFA254C56}.Debug|Any CPU.ActiveCfg = Debug|Any CPU
		{21B6BA71-54C3-4E2F-AAB2-654BFA254C56}.Debug|Any CPU.Build.0 = Debug|Any CPU
		{21B6BA71-54C3-4E2F-AAB2-654BFA254C56}.Debug|x64.ActiveCfg = Debug|Any CPU
		{21B6BA71-54C3-4E2F-AAB2-654BFA254C56}.Debug|x64.Build.0 = Debug|Any CPU
		{21B6BA71-54C3-4E2F-AAB2-654BFA254C56}.Debug|x86.ActiveCfg = Debug|Any CPU
		{21B6BA71-54C3-4E2F-AAB2-654BFA254C56}.Debug|x86.Build.0 = Debug|Any CPU
		{21B6BA71-54C3-4E2F-AAB2-654BFA254C56}.Release|Any CPU.ActiveCfg = Release|Any CPU
		{21B6BA71-54C3-4E2F-AAB2-654BFA254C56}.Release|Any CPU.Build.0 = Release|Any CPU
		{21B6BA71-54C3-4E2F-AAB2-654BFA254C56}.Release|x64.ActiveCfg = Release|Any CPU
		{21B6BA71-54C3-4E2F-AAB2-654BFA254C56}.Release|x64.Build.0 = Release|Any CPU
		{21B6BA71-54C3-4E2F-AAB2-654BFA254C56}.Release|x86.ActiveCfg = Release|Any CPU
		{21B6BA71-54C3-4E2F-AAB2-654BFA254C56}.Release|x86.Build.0 = Release|Any CPU
		{DB3E295B-3440-4E83-8F97-12D4CD892D38}.Debug|Any CPU.ActiveCfg = Debug|Any CPU
		{DB3E295B-3440-4E83-8F97-12D4CD892D38}.Debug|Any CPU.Build.0 = Debug|Any CPU
		{DB3E295B-3440-4E83-8F97-12D4CD892D38}.Debug|x64.ActiveCfg = Debug|Any CPU
		{DB3E295B-3440-4E83-8F97-12D4CD892D38}.Debug|x64.Build.0 = Debug|Any CPU
		{DB3E295B-3440-4E83-8F97-12D4CD892D38}.Debug|x86.ActiveCfg = Debug|Any CPU
		{DB3E295B-3440-4E83-8F97-12D4CD892D38}.Debug|x86.Build.0 = Debug|Any CPU
		{DB3E295B-3440-4E83-8F97-12D4CD892D38}.Release|Any CPU.ActiveCfg = Release|Any CPU
		{DB3E295B-3440-4E83-8F97-12D4CD892D38}.Release|Any CPU.Build.0 = Release|Any CPU
		{DB3E295B-3440-4E83-8F97-12D4CD892D38}.Release|x64.ActiveCfg = Release|Any CPU
		{DB3E295B-3440-4E83-8F97-12D4CD892D38}.Release|x64.Build.0 = Release|Any CPU
		{DB3E295B-3440-4E83-8F97-12D4CD892D38}.Release|x86.ActiveCfg = Release|Any CPU
		{DB3E295B-3440-4E83-8F97-12D4CD892D38}.Release|x86.Build.0 = Release|Any CPU
		{6E62771E-5176-4FA3-A5E0-B019E91854CC}.Debug|Any CPU.ActiveCfg = Debug|Any CPU
		{6E62771E-5176-4FA3-A5E0-B019E91854CC}.Debug|Any CPU.Build.0 = Debug|Any CPU
		{6E62771E-5176-4FA3-A5E0-B019E91854CC}.Debug|x64.ActiveCfg = Debug|Any CPU
		{6E62771E-5176-4FA3-A5E0-B019E91854CC}.Debug|x64.Build.0 = Debug|Any CPU
		{6E62771E-5176-4FA3-A5E0-B019E91854CC}.Debug|x86.ActiveCfg = Debug|Any CPU
		{6E62771E-5176-4FA3-A5E0-B019E91854CC}.Debug|x86.Build.0 = Debug|Any CPU
		{6E62771E-5176-4FA3-A5E0-B019E91854CC}.Release|Any CPU.ActiveCfg = Release|Any CPU
		{6E62771E-5176-4FA3-A5E0-B019E91854CC}.Release|Any CPU.Build.0 = Release|Any CPU
		{6E62771E-5176-4FA3-A5E0-B019E91854CC}.Release|x64.ActiveCfg = Release|Any CPU
		{6E62771E-5176-4FA3-A5E0-B019E91854CC}.Release|x64.Build.0 = Release|Any CPU
		{6E62771E-5176-4FA3-A5E0-B019E91854CC}.Release|x86.ActiveCfg = Release|Any CPU
		{6E62771E-5176-4FA3-A5E0-B019E91854CC}.Release|x86.Build.0 = Release|Any CPU
		{1A131BDC-81B9-4429-8CD8-4BF0C7C66851}.Debug|Any CPU.ActiveCfg = Debug|Any CPU
		{1A131BDC-81B9-4429-8CD8-4BF0C7C66851}.Debug|Any CPU.Build.0 = Debug|Any CPU
		{1A131BDC-81B9-4429-8CD8-4BF0C7C66851}.Debug|x64.ActiveCfg = Debug|Any CPU
		{1A131BDC-81B9-4429-8CD8-4BF0C7C66851}.Debug|x64.Build.0 = Debug|Any CPU
		{1A131BDC-81B9-4429-8CD8-4BF0C7C66851}.Debug|x86.ActiveCfg = Debug|Any CPU
		{1A131BDC-81B9-4429-8CD8-4BF0C7C66851}.Debug|x86.Build.0 = Debug|Any CPU
		{1A131BDC-81B9-4429-8CD8-4BF0C7C66851}.Release|Any CPU.ActiveCfg = Release|Any CPU
		{1A131BDC-81B9-4429-8CD8-4BF0C7C66851}.Release|Any CPU.Build.0 = Release|Any CPU
		{1A131BDC-81B9-4429-8CD8-4BF0C7C66851}.Release|x64.ActiveCfg = Release|Any CPU
		{1A131BDC-81B9-4429-8CD8-4BF0C7C66851}.Release|x64.Build.0 = Release|Any CPU
		{1A131BDC-81B9-4429-8CD8-4BF0C7C66851}.Release|x86.ActiveCfg = Release|Any CPU
		{1A131BDC-81B9-4429-8CD8-4BF0C7C66851}.Release|x86.Build.0 = Release|Any CPU
		{F11EC499-C038-45C9-AB59-FF289B1D02DD}.Debug|Any CPU.ActiveCfg = Debug|Any CPU
		{F11EC499-C038-45C9-AB59-FF289B1D02DD}.Debug|Any CPU.Build.0 = Debug|Any CPU
		{F11EC499-C038-45C9-AB59-FF289B1D02DD}.Debug|x64.ActiveCfg = Debug|Any CPU
		{F11EC499-C038-45C9-AB59-FF289B1D02DD}.Debug|x64.Build.0 = Debug|Any CPU
		{F11EC499-C038-45C9-AB59-FF289B1D02DD}.Debug|x86.ActiveCfg = Debug|Any CPU
		{F11EC499-C038-45C9-AB59-FF289B1D02DD}.Debug|x86.Build.0 = Debug|Any CPU
		{F11EC499-C038-45C9-AB59-FF289B1D02DD}.Release|Any CPU.ActiveCfg = Release|Any CPU
		{F11EC499-C038-45C9-AB59-FF289B1D02DD}.Release|Any CPU.Build.0 = Release|Any CPU
		{F11EC499-C038-45C9-AB59-FF289B1D02DD}.Release|x64.ActiveCfg = Release|Any CPU
		{F11EC499-C038-45C9-AB59-FF289B1D02DD}.Release|x64.Build.0 = Release|Any CPU
		{F11EC499-C038-45C9-AB59-FF289B1D02DD}.Release|x86.ActiveCfg = Release|Any CPU
		{F11EC499-C038-45C9-AB59-FF289B1D02DD}.Release|x86.Build.0 = Release|Any CPU
		{290A8798-4E3C-48D8-8E96-A3B26A969EBF}.Debug|Any CPU.ActiveCfg = Debug|Any CPU
		{290A8798-4E3C-48D8-8E96-A3B26A969EBF}.Debug|Any CPU.Build.0 = Debug|Any CPU
		{290A8798-4E3C-48D8-8E96-A3B26A969EBF}.Debug|x64.ActiveCfg = Debug|Any CPU
		{290A8798-4E3C-48D8-8E96-A3B26A969EBF}.Debug|x64.Build.0 = Debug|Any CPU
		{290A8798-4E3C-48D8-8E96-A3B26A969EBF}.Debug|x86.ActiveCfg = Debug|Any CPU
		{290A8798-4E3C-48D8-8E96-A3B26A969EBF}.Debug|x86.Build.0 = Debug|Any CPU
		{290A8798-4E3C-48D8-8E96-A3B26A969EBF}.Release|Any CPU.ActiveCfg = Release|Any CPU
		{290A8798-4E3C-48D8-8E96-A3B26A969EBF}.Release|Any CPU.Build.0 = Release|Any CPU
		{290A8798-4E3C-48D8-8E96-A3B26A969EBF}.Release|x64.ActiveCfg = Release|Any CPU
		{290A8798-4E3C-48D8-8E96-A3B26A969EBF}.Release|x64.Build.0 = Release|Any CPU
		{290A8798-4E3C-48D8-8E96-A3B26A969EBF}.Release|x86.ActiveCfg = Release|Any CPU
		{290A8798-4E3C-48D8-8E96-A3B26A969EBF}.Release|x86.Build.0 = Release|Any CPU
		{48F66353-8BC7-4ECE-B9CE-B6875E24F98B}.Debug|Any CPU.ActiveCfg = Debug|Any CPU
		{48F66353-8BC7-4ECE-B9CE-B6875E24F98B}.Debug|Any CPU.Build.0 = Debug|Any CPU
		{48F66353-8BC7-4ECE-B9CE-B6875E24F98B}.Debug|x64.ActiveCfg = Debug|Any CPU
		{48F66353-8BC7-4ECE-B9CE-B6875E24F98B}.Debug|x64.Build.0 = Debug|Any CPU
		{48F66353-8BC7-4ECE-B9CE-B6875E24F98B}.Debug|x86.ActiveCfg = Debug|Any CPU
		{48F66353-8BC7-4ECE-B9CE-B6875E24F98B}.Debug|x86.Build.0 = Debug|Any CPU
		{48F66353-8BC7-4ECE-B9CE-B6875E24F98B}.Release|Any CPU.ActiveCfg = Release|Any CPU
		{48F66353-8BC7-4ECE-B9CE-B6875E24F98B}.Release|Any CPU.Build.0 = Release|Any CPU
		{48F66353-8BC7-4ECE-B9CE-B6875E24F98B}.Release|x64.ActiveCfg = Release|Any CPU
		{48F66353-8BC7-4ECE-B9CE-B6875E24F98B}.Release|x64.Build.0 = Release|Any CPU
		{48F66353-8BC7-4ECE-B9CE-B6875E24F98B}.Release|x86.ActiveCfg = Release|Any CPU
		{48F66353-8BC7-4ECE-B9CE-B6875E24F98B}.Release|x86.Build.0 = Release|Any CPU
		{337C44DB-9EB0-4D47-83FF-1D9330D5362E}.Debug|Any CPU.ActiveCfg = Debug|Any CPU
		{337C44DB-9EB0-4D47-83FF-1D9330D5362E}.Debug|Any CPU.Build.0 = Debug|Any CPU
		{337C44DB-9EB0-4D47-83FF-1D9330D5362E}.Debug|x64.ActiveCfg = Debug|Any CPU
		{337C44DB-9EB0-4D47-83FF-1D9330D5362E}.Debug|x64.Build.0 = Debug|Any CPU
		{337C44DB-9EB0-4D47-83FF-1D9330D5362E}.Debug|x86.ActiveCfg = Debug|Any CPU
		{337C44DB-9EB0-4D47-83FF-1D9330D5362E}.Debug|x86.Build.0 = Debug|Any CPU
		{337C44DB-9EB0-4D47-83FF-1D9330D5362E}.Release|Any CPU.ActiveCfg = Release|Any CPU
		{337C44DB-9EB0-4D47-83FF-1D9330D5362E}.Release|Any CPU.Build.0 = Release|Any CPU
		{337C44DB-9EB0-4D47-83FF-1D9330D5362E}.Release|x64.ActiveCfg = Release|Any CPU
		{337C44DB-9EB0-4D47-83FF-1D9330D5362E}.Release|x64.Build.0 = Release|Any CPU
		{337C44DB-9EB0-4D47-83FF-1D9330D5362E}.Release|x86.ActiveCfg = Release|Any CPU
		{337C44DB-9EB0-4D47-83FF-1D9330D5362E}.Release|x86.Build.0 = Release|Any CPU
		{CB893E09-4CDB-4F77-96D2-1D272EE25889}.Debug|Any CPU.ActiveCfg = Debug|Any CPU
		{CB893E09-4CDB-4F77-96D2-1D272EE25889}.Debug|Any CPU.Build.0 = Debug|Any CPU
		{CB893E09-4CDB-4F77-96D2-1D272EE25889}.Debug|x64.ActiveCfg = Debug|Any CPU
		{CB893E09-4CDB-4F77-96D2-1D272EE25889}.Debug|x64.Build.0 = Debug|Any CPU
		{CB893E09-4CDB-4F77-96D2-1D272EE25889}.Debug|x86.ActiveCfg = Debug|Any CPU
		{CB893E09-4CDB-4F77-96D2-1D272EE25889}.Debug|x86.Build.0 = Debug|Any CPU
		{CB893E09-4CDB-4F77-96D2-1D272EE25889}.Release|Any CPU.ActiveCfg = Release|Any CPU
		{CB893E09-4CDB-4F77-96D2-1D272EE25889}.Release|Any CPU.Build.0 = Release|Any CPU
		{CB893E09-4CDB-4F77-96D2-1D272EE25889}.Release|x64.ActiveCfg = Release|Any CPU
		{CB893E09-4CDB-4F77-96D2-1D272EE25889}.Release|x64.Build.0 = Release|Any CPU
		{CB893E09-4CDB-4F77-96D2-1D272EE25889}.Release|x86.ActiveCfg = Release|Any CPU
		{CB893E09-4CDB-4F77-96D2-1D272EE25889}.Release|x86.Build.0 = Release|Any CPU
	EndGlobalSection
	GlobalSection(SolutionProperties) = preSolution
		HideSolutionNode = FALSE
	EndGlobalSection
	GlobalSection(NestedProjects) = preSolution
		{F587F51F-8794-46F0-8AE4-C4D836C3741E} = {827E0CD3-B72D-47B6-A68D-7590B98EB39B}
		{5C51D11D-0A07-4544-97F9-6453AE837B46} = {827E0CD3-B72D-47B6-A68D-7590B98EB39B}
		{21B6BA71-54C3-4E2F-AAB2-654BFA254C56} = {827E0CD3-B72D-47B6-A68D-7590B98EB39B}
		{DB3E295B-3440-4E83-8F97-12D4CD892D38} = {827E0CD3-B72D-47B6-A68D-7590B98EB39B}
		{6E62771E-5176-4FA3-A5E0-B019E91854CC} = {827E0CD3-B72D-47B6-A68D-7590B98EB39B}
		{1A131BDC-81B9-4429-8CD8-4BF0C7C66851} = {827E0CD3-B72D-47B6-A68D-7590B98EB39B}
		{F11EC499-C038-45C9-AB59-FF289B1D02DD} = {0AB3BF05-4346-4AA6-1389-037BE0695223}
		{290A8798-4E3C-48D8-8E96-A3B26A969EBF} = {827E0CD3-B72D-47B6-A68D-7590B98EB39B}
		{48F66353-8BC7-4ECE-B9CE-B6875E24F98B} = {827E0CD3-B72D-47B6-A68D-7590B98EB39B}
		{337C44DB-9EB0-4D47-83FF-1D9330D5362E} = {0AB3BF05-4346-4AA6-1389-037BE0695223}
		{CB893E09-4CDB-4F77-96D2-1D272EE25889} = {0AB3BF05-4346-4AA6-1389-037BE0695223}
	EndGlobalSection
EndGlobal
